
Microsoft Visual Studio Solution File, Format Version 12.00
# Visual Studio Version 16
VisualStudioVersion = 16.0.31410.357
MinimumVisualStudioVersion = 10.0.40219.1
Project("{9A19103F-16F7-4668-BE54-9A1E7A4F7556}") = "ShopBridge_InventoryManagement", "ShopBridge_InventoryManagement.csproj", "{5DAA62CE-FB5F-4741-AD2E-1BC2F9FDFE79}"
EndProject
Project("{9A19103F-16F7-4668-BE54-9A1E7A4F7556}") = "ProductServices", "..\ProductServices\ProductServices.csproj", "{72668C9C-DC12-4373-95A2-96B132FA925D}"
EndProject
Global
	GlobalSection(SolutionConfigurationPlatforms) = preSolution
		Debug|Any CPU = Debug|Any CPU
		Release|Any CPU = Release|Any CPU
	EndGlobalSection
	GlobalSection(ProjectConfigurationPlatforms) = postSolution
		{5DAA62CE-FB5F-4741-AD2E-1BC2F9FDFE79}.Debug|Any CPU.ActiveCfg = Debug|Any CPU
		{5DAA62CE-FB5F-4741-AD2E-1BC2F9FDFE79}.Debug|Any CPU.Build.0 = Debug|Any CPU
		{5DAA62CE-FB5F-4741-AD2E-1BC2F9FDFE79}.Release|Any CPU.ActiveCfg = Release|Any CPU
		{5DAA62CE-FB5F-4741-AD2E-1BC2F9FDFE79}.Release|Any CPU.Build.0 = Release|Any CPU
		{72668C9C-DC12-4373-95A2-96B132FA925D}.Debug|Any CPU.ActiveCfg = Debug|Any CPU
		{72668C9C-DC12-4373-95A2-96B132FA925D}.Debug|Any CPU.Build.0 = Debug|Any CPU
		{72668C9C-DC12-4373-95A2-96B132FA925D}.Release|Any CPU.ActiveCfg = Release|Any CPU
		{72668C9C-DC12-4373-95A2-96B132FA925D}.Release|Any CPU.Build.0 = Release|Any CPU
	EndGlobalSection
	GlobalSection(SolutionProperties) = preSolution
		HideSolutionNode = FALSE
	EndGlobalSection
	GlobalSection(ExtensibilityGlobals) = postSolution
		SolutionGuid = {EF6821F6-8705-4F0F-AF29-C7DED8EB173C}
	EndGlobalSection
EndGlobal
